dependencies:
- name: kagenti-operator-chart
  repository: oci://ghcr.io/kagenti/kagenti-operator
  version: 0.2.0-alpha.19
- name: kagenti-webhook-chart
  repository: oci://ghcr.io/kagenti/kagenti-extensions
  version: 0.4.0-alpha.2
digest: sha256:fab54b9d9d5ad952c4f4b2bf8e978726d7894a9a7bb99bc8ecf31227dc595116
generated: "2026-02-08T16:30:24.284713+01:00"
