dependencies:
- name: kagenti-operator-chart
  repository: oci://ghcr.io/kagenti/kagenti-operator
  version: 0.2.0-alpha.20
- name: kagenti-webhook-chart
  repository: oci://ghcr.io/kagenti/kagenti-extensions
  version: 0.4.0-alpha.5
digest: sha256:78ecdec88cf67d017ff3dc6c5450545f5b79b8b8806fd19a6c9321f132c3d793
generated: "2026-02-25T12:44:28.679149-05:00"
